
Microsoft Visual Studio Solution File, Format Version 12.00
# Visual Studio 2012
Project("{FAE04EC0-301F-11D3-BF4B-00C04F79EFBC}") = "GurCodesGestureRecognizers", "GurCodesGestureRecognizers\GurCodesGestureRecognizers.csproj", "{820E37DE-772C-4605-998A-DAA7EB7B7556}"
EndProject
Project("{FAE04EC0-301F-11D3-BF4B-00C04F79EFBC}") = "GurCodesGestureRecognizers.iOS", "iOS\GurCodesGestureRecognizers.iOS.csproj", "{6DDE53A9-23A2-48F2-A758-8B0DE06D5B0B}"
EndProject
Project("{FAE04EC0-301F-11D3-BF4B-00C04F79EFBC}") = "GurCodesGestureRecognizers.Droid", "Droid\GurCodesGestureRecognizers.Droid.csproj", "{485DAB94-3B7E-404E-B5BF-8770B23E783F}"
EndProject
Global
	GlobalSection(SolutionConfigurationPlatforms) = preSolution
		Debug|Any CPU = Debug|Any CPU
		Release|Any CPU = Release|Any CPU
		Debug|iPhoneSimulator = Debug|iPhoneSimulator
		Release|iPhone = Release|iPhone
		Release|iPhoneSimulator = Release|iPhoneSimulator
		Debug|iPhone = Debug|iPhone
	EndGlobalSection
	GlobalSection(ProjectConfigurationPlatforms) = postSolution
		{820E37DE-772C-4605-998A-DAA7EB7B7556}.Debug|Any CPU.ActiveCfg = Debug|Any CPU
		{820E37DE-772C-4605-998A-DAA7EB7B7556}.Debug|Any CPU.Build.0 = Debug|Any CPU
		{820E37DE-772C-4605-998A-DAA7EB7B7556}.Release|Any CPU.ActiveCfg = Release|Any CPU
		{820E37DE-772C-4605-998A-DAA7EB7B7556}.Release|Any CPU.Build.0 = Release|Any CPU
		{820E37DE-772C-4605-998A-DAA7EB7B7556}.Debug|iPhoneSimulator.ActiveCfg = Debug|Any CPU
		{820E37DE-772C-4605-998A-DAA7EB7B7556}.Debug|iPhoneSimulator.Build.0 = Debug|Any CPU
		{820E37DE-772C-4605-998A-DAA7EB7B7556}.Release|iPhone.ActiveCfg = Release|Any CPU
		{820E37DE-772C-4605-998A-DAA7EB7B7556}.Release|iPhone.Build.0 = Release|Any CPU
		{820E37DE-772C-4605-998A-DAA7EB7B7556}.Release|iPhoneSimulator.ActiveCfg = Release|Any CPU
		{820E37DE-772C-4605-998A-DAA7EB7B7556}.Release|iPhoneSimulator.Build.0 = Release|Any CPU
		{820E37DE-772C-4605-998A-DAA7EB7B7556}.Debug|iPhone.ActiveCfg = Debug|Any CPU
		{820E37DE-772C-4605-998A-DAA7EB7B7556}.Debug|iPhone.Build.0 = Debug|Any CPU
		{6DDE53A9-23A2-48F2-A758-8B0DE06D5B0B}.Debug|Any CPU.ActiveCfg = Debug|iPhoneSimulator
		{6DDE53A9-23A2-48F2-A758-8B0DE06D5B0B}.Debug|Any CPU.Build.0 = Debug|iPhoneSimulator
		{6DDE53A9-23A2-48F2-A758-8B0DE06D5B0B}.Release|Any CPU.ActiveCfg = Release|iPhone
		{6DDE53A9-23A2-48F2-A758-8B0DE06D5B0B}.Release|Any CPU.Build.0 = Release|iPhone
		{6DDE53A9-23A2-48F2-A758-8B0DE06D5B0B}.Debug|iPhoneSimulator.ActiveCfg = Debug|iPhoneSimulator
		{6DDE53A9-23A2-48F2-A758-8B0DE06D5B0B}.Debug|iPhoneSimulator.Build.0 = Debug|iPhoneSimulator
		{6DDE53A9-23A2-48F2-A758-8B0DE06D5B0B}.Release|iPhone.ActiveCfg = Release|iPhone
		{6DDE53A9-23A2-48F2-A758-8B0DE06D5B0B}.Release|iPhone.Build.0 = Release|iPhone
		{6DDE53A9-23A2-48F2-A758-8B0DE06D5B0B}.Release|iPhoneSimulator.ActiveCfg = Release|iPhoneSimulator
		{6DDE53A9-23A2-48F2-A758-8B0DE06D5B0B}.Release|iPhoneSimulator.Build.0 = Release|iPhoneSimulator
		{6DDE53A9-23A2-48F2-A758-8B0DE06D5B0B}.Debug|iPhone.ActiveCfg = Debug|iPhone
		{6DDE53A9-23A2-48F2-A758-8B0DE06D5B0B}.Debug|iPhone.Build.0 = Debug|iPhone
		{485DAB94-3B7E-404E-B5BF-8770B23E783F}.Debug|Any CPU.ActiveCfg = Debug|Any CPU
		{485DAB94-3B7E-404E-B5BF-8770B23E783F}.Debug|Any CPU.Build.0 = Debug|Any CPU
		{485DAB94-3B7E-404E-B5BF-8770B23E783F}.Release|Any CPU.ActiveCfg = Release|Any CPU
		{485DAB94-3B7E-404E-B5BF-8770B23E783F}.Release|Any CPU.Build.0 = Release|Any CPU
		{485DAB94-3B7E-404E-B5BF-8770B23E783F}.Debug|iPhoneSimulator.ActiveCfg = Debug|Any CPU
		{485DAB94-3B7E-404E-B5BF-8770B23E783F}.Debug|iPhoneSimulator.Build.0 = Debug|Any CPU
		{485DAB94-3B7E-404E-B5BF-8770B23E783F}.Release|iPhone.ActiveCfg = Release|Any CPU
		{485DAB94-3B7E-404E-B5BF-8770B23E783F}.Release|iPhone.Build.0 = Release|Any CPU
		{485DAB94-3B7E-404E-B5BF-8770B23E783F}.Release|iPhoneSimulator.ActiveCfg = Release|Any CPU
		{485DAB94-3B7E-404E-B5BF-8770B23E783F}.Release|iPhoneSimulator.Build.0 = Release|Any CPU
		{485DAB94-3B7E-404E-B5BF-8770B23E783F}.Debug|iPhone.ActiveCfg = Debug|Any CPU
		{485DAB94-3B7E-404E-B5BF-8770B23E783F}.Debug|iPhone.Build.0 = Debug|Any CPU
	EndGlobalSection
EndGlobal
